
Microsoft Visual Studio Solution File, Format Version 12.00
# Visual Studio Version 17
VisualStudioVersion = 17.5.002.0
MinimumVisualStudioVersion = 10.0.40219.1
Project("{9A19103F-16F7-4668-BE54-9A1E7A4F7556}") = "georgia", "georgia.csproj", "{5F696B60-DAB8-4DE7-B953-F56D5BADFB31}"
EndProject
Global
	GlobalSection(SolutionConfigurationPlatforms) = preSolution
		Debug|Any CPU = Debug|Any CPU
		Release|Any CPU = Release|Any CPU
	EndGlobalSection
	GlobalSection(ProjectConfigurationPlatforms) = postSolution
		{5F696B60-DAB8-4DE7-B953-F56D5BADFB31}.Debug|Any CPU.ActiveCfg = Debug|Any CPU
		{5F696B60-DAB8-4DE7-B953-F56D5BADFB31}.Debug|Any CPU.Build.0 = Debug|Any CPU
		{5F696B60-DAB8-4DE7-B953-F56D5BADFB31}.Release|Any CPU.ActiveCfg = Release|Any CPU
		{5F696B60-DAB8-4DE7-B953-F56D5BADFB31}.Release|Any CPU.Build.0 = Release|Any CPU
	EndGlobalSection
	GlobalSection(SolutionProperties) = preSolution
		HideSolutionNode = FALSE
	EndGlobalSection
	GlobalSection(ExtensibilityGlobals) = postSolution
		SolutionGuid = {3ECA64EF-2057-4C7E-AD65-38D2905B0ED0}
	EndGlobalSection
EndGlobal
